
Microsoft Visual Studio Solution File, Format Version 12.00
# Visual Studio 2012
Project("{FAE04EC0-301F-11D3-BF4B-00C04F79EFBC}") = "EasyNetQMessages", "EasyNetQMessages\EasyNetQMessages.csproj", "{9C7B6E90-DFC0-47B4-A11C-E73C4E55FE8D}"
EndProject
Project("{FAE04EC0-301F-11D3-BF4B-00C04F79EFBC}") = "EasyNetQ_QuickStart_Sender", "EasyNetQ_QuickStart_Sender\EasyNetQ_QuickStart_Sender.csproj", "{5697B3DA-531C-4155-8BB8-9390F89208DD}"
EndProject
Project("{FAE04EC0-301F-11D3-BF4B-00C04F79EFBC}") = "EasyNetQ_QuickStart_Subscriber", "EasyNetQ_QuickStart_Subscriber\EasyNetQ_QuickStart_Subscriber.csproj", "{FBE7B1A6-14BA-423A-9394-90C05704CF2E}"
EndProject
Project("{2150E333-8FDC-42A3-9474-1A3956D46DE8}") = "2. Quick Start", "2. Quick Start", "{369C796E-DA7A-4F7C-A98E-EF283395EDA0}"
EndProject
Project("{2150E333-8FDC-42A3-9474-1A3956D46DE8}") = "1. Shared Code", "1. Shared Code", "{0CFD6072-FD0B-4616-9ACD-D43161CEA54F}"
EndProject
Project("{2150E333-8FDC-42A3-9474-1A3956D46DE8}") = "3.1. Simple Publish and Subscribe", "3.1. Simple Publish and Subscribe", "{F3F82E00-537A-45F3-9C9B-BDD0C57D77EA}"
EndProject
Project("{2150E333-8FDC-42A3-9474-1A3956D46DE8}") = "3.2. Publisher Confirmation", "3.2. Publisher Confirmation", "{148E97EE-3780-475D-A44E-944F28D114FE}"
EndProject
Project("{2150E333-8FDC-42A3-9474-1A3956D46DE8}") = "3. Publish and Subscribe", "3. Publish and Subscribe", "{9F06BCAF-C7B9-4ED0-B126-CE4B23FF6AB0}"
EndProject
Project("{2150E333-8FDC-42A3-9474-1A3956D46DE8}") = "3.3. Polymorphic Publish and Subscribe", "3.3. Polymorphic Publish and Subscribe", "{1AA14DB5-58BA-4684-82C6-3C42DF1D2A76}"
EndProject
Project("{2150E333-8FDC-42A3-9474-1A3956D46DE8}") = "3.4. Controlling Queue and Exchange Names", "3.4. Controlling Queue and Exchange Names", "{DBE84F9E-A049-4D2F-8135-E14048E43FC8}"
EndProject
Project("{FAE04EC0-301F-11D3-BF4B-00C04F79EFBC}") = "Publish", "Publish\Publish.csproj", "{7C7E2393-3BDC-4099-9C32-87821DC6CB7D}"
EndProject
Project("{FAE04EC0-301F-11D3-BF4B-00C04F79EFBC}") = "Subscribe", "Subscribe\Subscribe.csproj", "{FE2331B9-4339-4843-8816-0AB81466D8B4}"
EndProject
Project("{FAE04EC0-301F-11D3-BF4B-00C04F79EFBC}") = "SubscribeAsync", "SubscribeAsync\SubscribeAsync.csproj", "{D02501A2-4C58-4C68-99FB-17F466D53A5F}"
EndProject
Project("{FAE04EC0-301F-11D3-BF4B-00C04F79EFBC}") = "PublishWithConfirm", "PublishWithConfirm\PublishWithConfirm.csproj", "{637021A2-0619-4094-8D80-B7BB54CCDE66}"
EndProject
Project("{FAE04EC0-301F-11D3-BF4B-00C04F79EFBC}") = "PolymorphicPublish", "PolymorphicPublish\PolymorphicPublish.csproj", "{377F2C71-5300-4B50-81BB-CD0CD8457EDB}"
EndProject
Project("{FAE04EC0-301F-11D3-BF4B-00C04F79EFBC}") = "PolymorphicSubscribe", "PolymorphicSubscribe\PolymorphicSubscribe.csproj", "{9A45EAEA-17A4-47A8-B2BD-FD48AF27E39C}"
EndProject
Project("{FAE04EC0-301F-11D3-BF4B-00C04F79EFBC}") = "NamedQueuePublish", "NamedQueuePublish\NamedQueuePublish.csproj", "{9DD1302C-0AB3-4AEE-8C26-BF9CEC742ECA}"
EndProject
Project("{FAE04EC0-301F-11D3-BF4B-00C04F79EFBC}") = "NamedQueueSubscribe", "NamedQueueSubscribe\NamedQueueSubscribe.csproj", "{6A348F25-A74E-4471-B13F-A7670D8B4867}"
EndProject
Project("{2150E333-8FDC-42A3-9474-1A3956D46DE8}") = "4. Request and Response", "4. Request and Response", "{8D05F894-9A9F-4E3D-B864-8F12B01C1CF1}"
EndProject
Project("{FAE04EC0-301F-11D3-BF4B-00C04F79EFBC}") = "Request", "Request\Request.csproj", "{10CF7E75-61A8-4A7E-89C9-ABD050A14C9A}"
EndProject
Project("{FAE04EC0-301F-11D3-BF4B-00C04F79EFBC}") = "Response", "Response\Response.csproj", "{0200FC68-AB58-4A14-8E99-A3C10B144007}"
EndProject
Project("{FAE04EC0-301F-11D3-BF4B-00C04F79EFBC}") = "RequestAsync", "RequestAsync\RequestAsync.csproj", "{AC8D82B0-2E7B-4C03-B860-9035FC353E0D}"
EndProject
Project("{FAE04EC0-301F-11D3-BF4B-00C04F79EFBC}") = "ResponseAsync", "ResponseAsync\ResponseAsync.csproj", "{E52A1DC5-F761-437A-9C09-3C7026EB69D0}"
EndProject
Project("{2150E333-8FDC-42A3-9474-1A3956D46DE8}") = "5. Send and Receive", "5. Send and Receive", "{7BFE27AD-C126-4333-B083-EEE836792620}"
EndProject
Project("{FAE04EC0-301F-11D3-BF4B-00C04F79EFBC}") = "Send", "Send\Send.csproj", "{D753FB4B-04DD-4A71-B117-0BAEAC5F7E5F}"
EndProject
Project("{FAE04EC0-301F-11D3-BF4B-00C04F79EFBC}") = "Receive", "Receive\Receive.csproj", "{06B08655-B4E3-4E20-BB73-6D6B58DD1CA2}"
EndProject
Project("{FAE04EC0-301F-11D3-BF4B-00C04F79EFBC}") = "ReceiveMultiple", "ReceiveMultiple\ReceiveMultiple.csproj", "{FC658D6B-61B9-4763-BAE0-EBAEC19293F7}"
EndProject
Project("{2150E333-8FDC-42A3-9474-1A3956D46DE8}") = "6. Topic Based Routing", "6. Topic Based Routing", "{F4C0D46C-75F1-40F5-8744-C0F73D4F8509}"
EndProject
Project("{FAE04EC0-301F-11D3-BF4B-00C04F79EFBC}") = "TopicPublisher", "TopicPublisher\TopicPublisher.csproj", "{99E3E19E-F785-4EDF-B30C-F24841432226}"
EndProject
Project("{FAE04EC0-301F-11D3-BF4B-00C04F79EFBC}") = "CardPaymentTopicSubscriber", "CardPaymentTopicSubscriber\CardPaymentTopicSubscriber.csproj", "{A6F8ABEE-EC01-4C91-ACEA-9937668B0162}"
EndProject
Project("{FAE04EC0-301F-11D3-BF4B-00C04F79EFBC}") = "PurchaseOrderTopicSubscriber", "PurchaseOrderTopicSubscriber\PurchaseOrderTopicSubscriber.csproj", "{C371EADE-4016-445B-84D1-11CDDC5AC48A}"
EndProject
Project("{FAE04EC0-301F-11D3-BF4B-00C04F79EFBC}") = "AccountsDeptTopicSubscriber", "AccountsDeptTopicSubscriber\AccountsDeptTopicSubscriber.csproj", "{BC467FD1-DABA-479A-8BFF-FCD6782832BB}"
EndProject
Global
	GlobalSection(SolutionConfigurationPlatforms) = preSolution
		Debug|x86 = Debug|x86
		Release|x86 = Release|x86
	EndGlobalSection
	GlobalSection(ProjectConfigurationPlatforms) = postSolution
		{9C7B6E90-DFC0-47B4-A11C-E73C4E55FE8D}.Debug|x86.ActiveCfg = Debug|Any CPU
		{9C7B6E90-DFC0-47B4-A11C-E73C4E55FE8D}.Debug|x86.Build.0 = Debug|Any CPU
		{9C7B6E90-DFC0-47B4-A11C-E73C4E55FE8D}.Release|x86.ActiveCfg = Release|Any CPU
		{9C7B6E90-DFC0-47B4-A11C-E73C4E55FE8D}.Release|x86.Build.0 = Release|Any CPU
		{5697B3DA-531C-4155-8BB8-9390F89208DD}.Debug|x86.ActiveCfg = Debug|x86
		{5697B3DA-531C-4155-8BB8-9390F89208DD}.Debug|x86.Build.0 = Debug|x86
		{5697B3DA-531C-4155-8BB8-9390F89208DD}.Release|x86.ActiveCfg = Release|x86
		{5697B3DA-531C-4155-8BB8-9390F89208DD}.Release|x86.Build.0 = Release|x86
		{FBE7B1A6-14BA-423A-9394-90C05704CF2E}.Debug|x86.ActiveCfg = Debug|x86
		{FBE7B1A6-14BA-423A-9394-90C05704CF2E}.Debug|x86.Build.0 = Debug|x86
		{FBE7B1A6-14BA-423A-9394-90C05704CF2E}.Release|x86.ActiveCfg = Release|x86
		{FBE7B1A6-14BA-423A-9394-90C05704CF2E}.Release|x86.Build.0 = Release|x86
		{7C7E2393-3BDC-4099-9C32-87821DC6CB7D}.Debug|x86.ActiveCfg = Debug|Any CPU
		{7C7E2393-3BDC-4099-9C32-87821DC6CB7D}.Debug|x86.Build.0 = Debug|Any CPU
		{7C7E2393-3BDC-4099-9C32-87821DC6CB7D}.Release|x86.ActiveCfg = Release|Any CPU
		{7C7E2393-3BDC-4099-9C32-87821DC6CB7D}.Release|x86.Build.0 = Release|Any CPU
		{FE2331B9-4339-4843-8816-0AB81466D8B4}.Debug|x86.ActiveCfg = Debug|Any CPU
		{FE2331B9-4339-4843-8816-0AB81466D8B4}.Debug|x86.Build.0 = Debug|Any CPU
		{FE2331B9-4339-4843-8816-0AB81466D8B4}.Release|x86.ActiveCfg = Release|Any CPU
		{FE2331B9-4339-4843-8816-0AB81466D8B4}.Release|x86.Build.0 = Release|Any CPU
		{D02501A2-4C58-4C68-99FB-17F466D53A5F}.Debug|x86.ActiveCfg = Debug|Any CPU
		{D02501A2-4C58-4C68-99FB-17F466D53A5F}.Debug|x86.Build.0 = Debug|Any CPU
		{D02501A2-4C58-4C68-99FB-17F466D53A5F}.Release|x86.ActiveCfg = Release|Any CPU
		{D02501A2-4C58-4C68-99FB-17F466D53A5F}.Release|x86.Build.0 = Release|Any CPU
		{637021A2-0619-4094-8D80-B7BB54CCDE66}.Debug|x86.ActiveCfg = Debug|x86
		{637021A2-0619-4094-8D80-B7BB54CCDE66}.Debug|x86.Build.0 = Debug|x86
		{637021A2-0619-4094-8D80-B7BB54CCDE66}.Release|x86.ActiveCfg = Release|x86
		{637021A2-0619-4094-8D80-B7BB54CCDE66}.Release|x86.Build.0 = Release|x86
		{377F2C71-5300-4B50-81BB-CD0CD8457EDB}.Debug|x86.ActiveCfg = Debug|Any CPU
		{377F2C71-5300-4B50-81BB-CD0CD8457EDB}.Debug|x86.Build.0 = Debug|Any CPU
		{377F2C71-5300-4B50-81BB-CD0CD8457EDB}.Release|x86.ActiveCfg = Release|Any CPU
		{377F2C71-5300-4B50-81BB-CD0CD8457EDB}.Release|x86.Build.0 = Release|Any CPU
		{9A45EAEA-17A4-47A8-B2BD-FD48AF27E39C}.Debug|x86.ActiveCfg = Debug|Any CPU
		{9A45EAEA-17A4-47A8-B2BD-FD48AF27E39C}.Debug|x86.Build.0 = Debug|Any CPU
		{9A45EAEA-17A4-47A8-B2BD-FD48AF27E39C}.Release|x86.ActiveCfg = Release|Any CPU
		{9A45EAEA-17A4-47A8-B2BD-FD48AF27E39C}.Release|x86.Build.0 = Release|Any CPU
		{9DD1302C-0AB3-4AEE-8C26-BF9CEC742ECA}.Debug|x86.ActiveCfg = Debug|Any CPU
		{9DD1302C-0AB3-4AEE-8C26-BF9CEC742ECA}.Debug|x86.Build.0 = Debug|Any CPU
		{9DD1302C-0AB3-4AEE-8C26-BF9CEC742ECA}.Release|x86.ActiveCfg = Release|Any CPU
		{9DD1302C-0AB3-4AEE-8C26-BF9CEC742ECA}.Release|x86.Build.0 = Release|Any CPU
		{6A348F25-A74E-4471-B13F-A7670D8B4867}.Debug|x86.ActiveCfg = Debug|Any CPU
		{6A348F25-A74E-4471-B13F-A7670D8B4867}.Debug|x86.Build.0 = Debug|Any CPU
		{6A348F25-A74E-4471-B13F-A7670D8B4867}.Release|x86.ActiveCfg = Release|Any CPU
		{6A348F25-A74E-4471-B13F-A7670D8B4867}.Release|x86.Build.0 = Release|Any CPU
		{10CF7E75-61A8-4A7E-89C9-ABD050A14C9A}.Debug|x86.ActiveCfg = Debug|Any CPU
		{10CF7E75-61A8-4A7E-89C9-ABD050A14C9A}.Debug|x86.Build.0 = Debug|Any CPU
		{10CF7E75-61A8-4A7E-89C9-ABD050A14C9A}.Release|x86.ActiveCfg = Release|Any CPU
		{10CF7E75-61A8-4A7E-89C9-ABD050A14C9A}.Release|x86.Build.0 = Release|Any CPU
		{0200FC68-AB58-4A14-8E99-A3C10B144007}.Debug|x86.ActiveCfg = Debug|Any CPU
		{0200FC68-AB58-4A14-8E99-A3C10B144007}.Debug|x86.Build.0 = Debug|Any CPU
		{0200FC68-AB58-4A14-8E99-A3C10B144007}.Release|x86.ActiveCfg = Release|Any CPU
		{0200FC68-AB58-4A14-8E99-A3C10B144007}.Release|x86.Build.0 = Release|Any CPU
		{AC8D82B0-2E7B-4C03-B860-9035FC353E0D}.Debug|x86.ActiveCfg = Debug|Any CPU
		{AC8D82B0-2E7B-4C03-B860-9035FC353E0D}.Debug|x86.Build.0 = Debug|Any CPU
		{AC8D82B0-2E7B-4C03-B860-9035FC353E0D}.Release|x86.ActiveCfg = Release|Any CPU
		{AC8D82B0-2E7B-4C03-B860-9035FC353E0D}.Release|x86.Build.0 = Release|Any CPU
		{E52A1DC5-F761-437A-9C09-3C7026EB69D0}.Debug|x86.ActiveCfg = Debug|Any CPU
		{E52A1DC5-F761-437A-9C09-3C7026EB69D0}.Debug|x86.Build.0 = Debug|Any CPU
		{E52A1DC5-F761-437A-9C09-3C7026EB69D0}.Release|x86.ActiveCfg = Release|Any CPU
		{E52A1DC5-F761-437A-9C09-3C7026EB69D0}.Release|x86.Build.0 = Release|Any CPU
		{D753FB4B-04DD-4A71-B117-0BAEAC5F7E5F}.Debug|x86.ActiveCfg = Debug|Any CPU
		{D753FB4B-04DD-4A71-B117-0BAEAC5F7E5F}.Debug|x86.Build.0 = Debug|Any CPU
		{D753FB4B-04DD-4A71-B117-0BAEAC5F7E5F}.Release|x86.ActiveCfg = Release|Any CPU
		{D753FB4B-04DD-4A71-B117-0BAEAC5F7E5F}.Release|x86.Build.0 = Release|Any CPU
		{06B08655-B4E3-4E20-BB73-6D6B58DD1CA2}.Debug|x86.ActiveCfg = Debug|Any CPU
		{06B08655-B4E3-4E20-BB73-6D6B58DD1CA2}.Debug|x86.Build.0 = Debug|Any CPU
		{06B08655-B4E3-4E20-BB73-6D6B58DD1CA2}.Release|x86.ActiveCfg = Release|Any CPU
		{06B08655-B4E3-4E20-BB73-6D6B58DD1CA2}.Release|x86.Build.0 = Release|Any CPU
		{FC658D6B-61B9-4763-BAE0-EBAEC19293F7}.Debug|x86.ActiveCfg = Debug|Any CPU
		{FC658D6B-61B9-4763-BAE0-EBAEC19293F7}.Debug|x86.Build.0 = Debug|Any CPU
		{FC658D6B-61B9-4763-BAE0-EBAEC19293F7}.Release|x86.ActiveCfg = Release|Any CPU
		{FC658D6B-61B9-4763-BAE0-EBAEC19293F7}.Release|x86.Build.0 = Release|Any CPU
		{99E3E19E-F785-4EDF-B30C-F24841432226}.Debug|x86.ActiveCfg = Debug|Any CPU
		{99E3E19E-F785-4EDF-B30C-F24841432226}.Debug|x86.Build.0 = Debug|Any CPU
		{99E3E19E-F785-4EDF-B30C-F24841432226}.Release|x86.ActiveCfg = Release|Any CPU
		{99E3E19E-F785-4EDF-B30C-F24841432226}.Release|x86.Build.0 = Release|Any CPU
		{A6F8ABEE-EC01-4C91-ACEA-9937668B0162}.Debug|x86.ActiveCfg = Debug|Any CPU
		{A6F8ABEE-EC01-4C91-ACEA-9937668B0162}.Debug|x86.Build.0 = Debug|Any CPU
		{A6F8ABEE-EC01-4C91-ACEA-9937668B0162}.Release|x86.ActiveCfg = Release|Any CPU
		{A6F8ABEE-EC01-4C91-ACEA-9937668B0162}.Release|x86.Build.0 = Release|Any CPU
		{C371EADE-4016-445B-84D1-11CDDC5AC48A}.Debug|x86.ActiveCfg = Debug|Any CPU
		{C371EADE-4016-445B-84D1-11CDDC5AC48A}.Debug|x86.Build.0 = Debug|Any CPU
		{C371EADE-4016-445B-84D1-11CDDC5AC48A}.Release|x86.ActiveCfg = Release|Any CPU
		{C371EADE-4016-445B-84D1-11CDDC5AC48A}.Release|x86.Build.0 = Release|Any CPU
		{BC467FD1-DABA-479A-8BFF-FCD6782832BB}.Debug|x86.ActiveCfg = Debug|Any CPU
		{BC467FD1-DABA-479A-8BFF-FCD6782832BB}.Debug|x86.Build.0 = Debug|Any CPU
		{BC467FD1-DABA-479A-8BFF-FCD6782832BB}.Release|x86.ActiveCfg = Release|Any CPU
		{BC467FD1-DABA-479A-8BFF-FCD6782832BB}.Release|x86.Build.0 = Release|Any CPU
	EndGlobalSection
	GlobalSection(NestedProjects) = preSolution
		{5697B3DA-531C-4155-8BB8-9390F89208DD} = {369C796E-DA7A-4F7C-A98E-EF283395EDA0}
		{FBE7B1A6-14BA-423A-9394-90C05704CF2E} = {369C796E-DA7A-4F7C-A98E-EF283395EDA0}
		{9C7B6E90-DFC0-47B4-A11C-E73C4E55FE8D} = {0CFD6072-FD0B-4616-9ACD-D43161CEA54F}
		{F3F82E00-537A-45F3-9C9B-BDD0C57D77EA} = {9F06BCAF-C7B9-4ED0-B126-CE4B23FF6AB0}
		{148E97EE-3780-475D-A44E-944F28D114FE} = {9F06BCAF-C7B9-4ED0-B126-CE4B23FF6AB0}
		{1AA14DB5-58BA-4684-82C6-3C42DF1D2A76} = {9F06BCAF-C7B9-4ED0-B126-CE4B23FF6AB0}
		{DBE84F9E-A049-4D2F-8135-E14048E43FC8} = {9F06BCAF-C7B9-4ED0-B126-CE4B23FF6AB0}
		{7C7E2393-3BDC-4099-9C32-87821DC6CB7D} = {F3F82E00-537A-45F3-9C9B-BDD0C57D77EA}
		{FE2331B9-4339-4843-8816-0AB81466D8B4} = {F3F82E00-537A-45F3-9C9B-BDD0C57D77EA}
		{D02501A2-4C58-4C68-99FB-17F466D53A5F} = {F3F82E00-537A-45F3-9C9B-BDD0C57D77EA}
		{637021A2-0619-4094-8D80-B7BB54CCDE66} = {148E97EE-3780-475D-A44E-944F28D114FE}
		{377F2C71-5300-4B50-81BB-CD0CD8457EDB} = {1AA14DB5-58BA-4684-82C6-3C42DF1D2A76}
		{9A45EAEA-17A4-47A8-B2BD-FD48AF27E39C} = {1AA14DB5-58BA-4684-82C6-3C42DF1D2A76}
		{9DD1302C-0AB3-4AEE-8C26-BF9CEC742ECA} = {DBE84F9E-A049-4D2F-8135-E14048E43FC8}
		{6A348F25-A74E-4471-B13F-A7670D8B4867} = {DBE84F9E-A049-4D2F-8135-E14048E43FC8}
		{10CF7E75-61A8-4A7E-89C9-ABD050A14C9A} = {8D05F894-9A9F-4E3D-B864-8F12B01C1CF1}
		{0200FC68-AB58-4A14-8E99-A3C10B144007} = {8D05F894-9A9F-4E3D-B864-8F12B01C1CF1}
		{AC8D82B0-2E7B-4C03-B860-9035FC353E0D} = {8D05F894-9A9F-4E3D-B864-8F12B01C1CF1}
		{E52A1DC5-F761-437A-9C09-3C7026EB69D0} = {8D05F894-9A9F-4E3D-B864-8F12B01C1CF1}
		{D753FB4B-04DD-4A71-B117-0BAEAC5F7E5F} = {7BFE27AD-C126-4333-B083-EEE836792620}
		{06B08655-B4E3-4E20-BB73-6D6B58DD1CA2} = {7BFE27AD-C126-4333-B083-EEE836792620}
		{FC658D6B-61B9-4763-BAE0-EBAEC19293F7} = {7BFE27AD-C126-4333-B083-EEE836792620}
		{99E3E19E-F785-4EDF-B30C-F24841432226} = {F4C0D46C-75F1-40F5-8744-C0F73D4F8509}
		{A6F8ABEE-EC01-4C91-ACEA-9937668B0162} = {F4C0D46C-75F1-40F5-8744-C0F73D4F8509}
		{C371EADE-4016-445B-84D1-11CDDC5AC48A} = {F4C0D46C-75F1-40F5-8744-C0F73D4F8509}
		{BC467FD1-DABA-479A-8BFF-FCD6782832BB} = {F4C0D46C-75F1-40F5-8744-C0F73D4F8509}
	EndGlobalSection
EndGlobal
