
Microsoft Visual Studio Solution File, Format Version 12.00
# Visual Studio 2012
Project("{FAE04EC0-301F-11D3-BF4B-00C04F79EFBC}") = "EasyNetQMessages", "EasyNetQMessages\EasyNetQMessages.csproj", "{9C7B6E90-DFC0-47B4-A11C-E73C4E55FE8D}"
EndProject
Project("{FAE04EC0-301F-11D3-BF4B-00C04F79EFBC}") = "EasyNetQ_QuickStart_Sender", "EasyNetQ_QuickStart_Sender\EasyNetQ_QuickStart_Sender.csproj", "{5697B3DA-531C-4155-8BB8-9390F89208DD}"
EndProject
Project("{FAE04EC0-301F-11D3-BF4B-00C04F79EFBC}") = "EasyNetQ_QuickStart_Subscriber", "EasyNetQ_QuickStart_Subscriber\EasyNetQ_QuickStart_Subscriber.csproj", "{FBE7B1A6-14BA-423A-9394-90C05704CF2E}"
EndProject
Project("{2150E333-8FDC-42A3-9474-1A3956D46DE8}") = "2. Quick Start", "2. Quick Start", "{369C796E-DA7A-4F7C-A98E-EF283395EDA0}"
EndProject
Project("{2150E333-8FDC-42A3-9474-1A3956D46DE8}") = "1. Shared Code", "1. Shared Code", "{0CFD6072-FD0B-4616-9ACD-D43161CEA54F}"
EndProject
Global
	GlobalSection(SolutionConfigurationPlatforms) = preSolution
		Debug|x86 = Debug|x86
		Release|x86 = Release|x86
	EndGlobalSection
	GlobalSection(ProjectConfigurationPlatforms) = postSolution
		{9C7B6E90-DFC0-47B4-A11C-E73C4E55FE8D}.Debug|x86.ActiveCfg = Debug|Any CPU
		{9C7B6E90-DFC0-47B4-A11C-E73C4E55FE8D}.Debug|x86.Build.0 = Debug|Any CPU
		{9C7B6E90-DFC0-47B4-A11C-E73C4E55FE8D}.Release|x86.ActiveCfg = Release|Any CPU
		{9C7B6E90-DFC0-47B4-A11C-E73C4E55FE8D}.Release|x86.Build.0 = Release|Any CPU
		{5697B3DA-531C-4155-8BB8-9390F89208DD}.Debug|x86.ActiveCfg = Debug|x86
		{5697B3DA-531C-4155-8BB8-9390F89208DD}.Debug|x86.Build.0 = Debug|x86
		{5697B3DA-531C-4155-8BB8-9390F89208DD}.Release|x86.ActiveCfg = Release|x86
		{5697B3DA-531C-4155-8BB8-9390F89208DD}.Release|x86.Build.0 = Release|x86
		{FBE7B1A6-14BA-423A-9394-90C05704CF2E}.Debug|x86.ActiveCfg = Debug|x86
		{FBE7B1A6-14BA-423A-9394-90C05704CF2E}.Debug|x86.Build.0 = Debug|x86
		{FBE7B1A6-14BA-423A-9394-90C05704CF2E}.Release|x86.ActiveCfg = Release|x86
		{FBE7B1A6-14BA-423A-9394-90C05704CF2E}.Release|x86.Build.0 = Release|x86
	EndGlobalSection
	GlobalSection(NestedProjects) = preSolution
		{5697B3DA-531C-4155-8BB8-9390F89208DD} = {369C796E-DA7A-4F7C-A98E-EF283395EDA0}
		{FBE7B1A6-14BA-423A-9394-90C05704CF2E} = {369C796E-DA7A-4F7C-A98E-EF283395EDA0}
		{9C7B6E90-DFC0-47B4-A11C-E73C4E55FE8D} = {0CFD6072-FD0B-4616-9ACD-D43161CEA54F}
	EndGlobalSection
EndGlobal
