
Microsoft Visual Studio Solution File, Format Version 12.00
# Visual Studio 2012
Project("{FAE04EC0-301F-11D3-BF4B-00C04F79EFBC}") = "EasyNetQMessages", "EasyNetQMessages\EasyNetQMessages.csproj", "{9C7B6E90-DFC0-47B4-A11C-E73C4E55FE8D}"
EndProject
Project("{FAE04EC0-301F-11D3-BF4B-00C04F79EFBC}") = "EasyNetQ_QuickStart_Sender", "EasyNetQ_QuickStart_Sender\EasyNetQ_QuickStart_Sender.csproj", "{5697B3DA-531C-4155-8BB8-9390F89208DD}"
EndProject
Project("{FAE04EC0-301F-11D3-BF4B-00C04F79EFBC}") = "EasyNetQ_QuickStart_Subscriber", "EasyNetQ_QuickStart_Subscriber\EasyNetQ_QuickStart_Subscriber.csproj", "{FBE7B1A6-14BA-423A-9394-90C05704CF2E}"
EndProject
Project("{2150E333-8FDC-42A3-9474-1A3956D46DE8}") = "2. Quick Start", "2. Quick Start", "{369C796E-DA7A-4F7C-A98E-EF283395EDA0}"
EndProject
Project("{2150E333-8FDC-42A3-9474-1A3956D46DE8}") = "1. Shared Code", "1. Shared Code", "{0CFD6072-FD0B-4616-9ACD-D43161CEA54F}"
EndProject
Project("{2150E333-8FDC-42A3-9474-1A3956D46DE8}") = "3.1. Simple Publish and Subscribe", "3.1. Simple Publish and Subscribe", "{F3F82E00-537A-45F3-9C9B-BDD0C57D77EA}"
EndProject
Project("{2150E333-8FDC-42A3-9474-1A3956D46DE8}") = "3.2. Publisher Confirmation", "3.2. Publisher Confirmation", "{148E97EE-3780-475D-A44E-944F28D114FE}"
EndProject
Project("{2150E333-8FDC-42A3-9474-1A3956D46DE8}") = "3. Publish and Subscribe", "3. Publish and Subscribe", "{9F06BCAF-C7B9-4ED0-B126-CE4B23FF6AB0}"
EndProject
Project("{2150E333-8FDC-42A3-9474-1A3956D46DE8}") = "3.3. Polymorphic Publish and Subscribe", "3.3. Polymorphic Publish and Subscribe", "{1AA14DB5-58BA-4684-82C6-3C42DF1D2A76}"
EndProject
Project("{2150E333-8FDC-42A3-9474-1A3956D46DE8}") = "3.4. Controlling Queue and Exchange Names", "3.4. Controlling Queue and Exchange Names", "{DBE84F9E-A049-4D2F-8135-E14048E43FC8}"
EndProject
Project("{FAE04EC0-301F-11D3-BF4B-00C04F79EFBC}") = "Publish", "Publish\Publish.csproj", "{7C7E2393-3BDC-4099-9C32-87821DC6CB7D}"
EndProject
Project("{FAE04EC0-301F-11D3-BF4B-00C04F79EFBC}") = "Subscribe", "Subscribe\Subscribe.csproj", "{FE2331B9-4339-4843-8816-0AB81466D8B4}"
EndProject
Project("{FAE04EC0-301F-11D3-BF4B-00C04F79EFBC}") = "SubscribeAsync", "SubscribeAsync\SubscribeAsync.csproj", "{D02501A2-4C58-4C68-99FB-17F466D53A5F}"
EndProject
Global
	GlobalSection(SolutionConfigurationPlatforms) = preSolution
		Debug|x86 = Debug|x86
		Release|x86 = Release|x86
	EndGlobalSection
	GlobalSection(ProjectConfigurationPlatforms) = postSolution
		{9C7B6E90-DFC0-47B4-A11C-E73C4E55FE8D}.Debug|x86.ActiveCfg = Debug|Any CPU
		{9C7B6E90-DFC0-47B4-A11C-E73C4E55FE8D}.Debug|x86.Build.0 = Debug|Any CPU
		{9C7B6E90-DFC0-47B4-A11C-E73C4E55FE8D}.Release|x86.ActiveCfg = Release|Any CPU
		{9C7B6E90-DFC0-47B4-A11C-E73C4E55FE8D}.Release|x86.Build.0 = Release|Any CPU
		{5697B3DA-531C-4155-8BB8-9390F89208DD}.Debug|x86.ActiveCfg = Debug|x86
		{5697B3DA-531C-4155-8BB8-9390F89208DD}.Debug|x86.Build.0 = Debug|x86
		{5697B3DA-531C-4155-8BB8-9390F89208DD}.Release|x86.ActiveCfg = Release|x86
		{5697B3DA-531C-4155-8BB8-9390F89208DD}.Release|x86.Build.0 = Release|x86
		{FBE7B1A6-14BA-423A-9394-90C05704CF2E}.Debug|x86.ActiveCfg = Debug|x86
		{FBE7B1A6-14BA-423A-9394-90C05704CF2E}.Debug|x86.Build.0 = Debug|x86
		{FBE7B1A6-14BA-423A-9394-90C05704CF2E}.Release|x86.ActiveCfg = Release|x86
		{FBE7B1A6-14BA-423A-9394-90C05704CF2E}.Release|x86.Build.0 = Release|x86
		{7C7E2393-3BDC-4099-9C32-87821DC6CB7D}.Debug|x86.ActiveCfg = Debug|Any CPU
		{7C7E2393-3BDC-4099-9C32-87821DC6CB7D}.Debug|x86.Build.0 = Debug|Any CPU
		{7C7E2393-3BDC-4099-9C32-87821DC6CB7D}.Release|x86.ActiveCfg = Release|Any CPU
		{7C7E2393-3BDC-4099-9C32-87821DC6CB7D}.Release|x86.Build.0 = Release|Any CPU
		{FE2331B9-4339-4843-8816-0AB81466D8B4}.Debug|x86.ActiveCfg = Debug|Any CPU
		{FE2331B9-4339-4843-8816-0AB81466D8B4}.Debug|x86.Build.0 = Debug|Any CPU
		{FE2331B9-4339-4843-8816-0AB81466D8B4}.Release|x86.ActiveCfg = Release|Any CPU
		{FE2331B9-4339-4843-8816-0AB81466D8B4}.Release|x86.Build.0 = Release|Any CPU
		{D02501A2-4C58-4C68-99FB-17F466D53A5F}.Debug|x86.ActiveCfg = Debug|Any CPU
		{D02501A2-4C58-4C68-99FB-17F466D53A5F}.Debug|x86.Build.0 = Debug|Any CPU
		{D02501A2-4C58-4C68-99FB-17F466D53A5F}.Release|x86.ActiveCfg = Release|Any CPU
		{D02501A2-4C58-4C68-99FB-17F466D53A5F}.Release|x86.Build.0 = Release|Any CPU
	EndGlobalSection
	GlobalSection(NestedProjects) = preSolution
		{5697B3DA-531C-4155-8BB8-9390F89208DD} = {369C796E-DA7A-4F7C-A98E-EF283395EDA0}
		{FBE7B1A6-14BA-423A-9394-90C05704CF2E} = {369C796E-DA7A-4F7C-A98E-EF283395EDA0}
		{9C7B6E90-DFC0-47B4-A11C-E73C4E55FE8D} = {0CFD6072-FD0B-4616-9ACD-D43161CEA54F}
		{F3F82E00-537A-45F3-9C9B-BDD0C57D77EA} = {9F06BCAF-C7B9-4ED0-B126-CE4B23FF6AB0}
		{148E97EE-3780-475D-A44E-944F28D114FE} = {9F06BCAF-C7B9-4ED0-B126-CE4B23FF6AB0}
		{1AA14DB5-58BA-4684-82C6-3C42DF1D2A76} = {9F06BCAF-C7B9-4ED0-B126-CE4B23FF6AB0}
		{DBE84F9E-A049-4D2F-8135-E14048E43FC8} = {9F06BCAF-C7B9-4ED0-B126-CE4B23FF6AB0}
		{7C7E2393-3BDC-4099-9C32-87821DC6CB7D} = {F3F82E00-537A-45F3-9C9B-BDD0C57D77EA}
		{FE2331B9-4339-4843-8816-0AB81466D8B4} = {F3F82E00-537A-45F3-9C9B-BDD0C57D77EA}
		{D02501A2-4C58-4C68-99FB-17F466D53A5F} = {F3F82E00-537A-45F3-9C9B-BDD0C57D77EA}
	EndGlobalSection
EndGlobal
